
Microsoft Visual Studio Solution File, Format Version 12.00
# Visual Studio 2013
VisualStudioVersion = 12.0.30110.0
MinimumVisualStudioVersion = 10.0.40219.1
Project("{FAE04EC0-301F-11D3-BF4B-00C04F79EFBC}") = "Coin Hunt (WIN)", "GameStateManagementSample\Coin Hunt (WIN).csproj", "{CE4C1E0D-7E54-4BF6-9959-FB4BCC16B68E}"
EndProject
Project("{FAE04EC0-301F-11D3-BF4B-00C04F79EFBC}") = "Content", "Content\Content.contentproj", "{B7219195-3990-4557-87D7-856DB165635D}"
EndProject
Project("{FAE04EC0-301F-11D3-BF4B-00C04F79EFBC}") = "Coin Hunt (XB360)", "GameStateManagementSample\Coin Hunt (XB360).csproj", "{E3E1F626-20BD-4A29-AA82-C342C45F7EC2}"
EndProject
Project("{FAE04EC0-301F-11D3-BF4B-00C04F79EFBC}") = "ParticleSettings (WIN)", "ParticleSettings\ParticleSettings (WIN).csproj", "{2AEF1B32-62F0-45F3-888F-E455C1C99204}"
EndProject
Project("{FAE04EC0-301F-11D3-BF4B-00C04F79EFBC}") = "ParticleSettings (XBOX)", "ParticleSettings\ParticleSettings (XBOX).csproj", "{6C966D0A-E0AE-4F6C-84A5-3323568AABB0}"
EndProject
Global
	GlobalSection(SolutionConfigurationPlatforms) = preSolution
		Debug|Mixed Platforms = Debug|Mixed Platforms
		Debug|x86 = Debug|x86
		Debug|Xbox 360 = Debug|Xbox 360
		Release|Mixed Platforms = Release|Mixed Platforms
		Release|x86 = Release|x86
		Release|Xbox 360 = Release|Xbox 360
	EndGlobalSection
	GlobalSection(ProjectConfigurationPlatforms) = postSolution
		{CE4C1E0D-7E54-4BF6-9959-FB4BCC16B68E}.Debug|Mixed Platforms.ActiveCfg = Debug|x86
		{CE4C1E0D-7E54-4BF6-9959-FB4BCC16B68E}.Debug|Mixed Platforms.Build.0 = Debug|x86
		{CE4C1E0D-7E54-4BF6-9959-FB4BCC16B68E}.Debug|x86.ActiveCfg = Debug|x86
		{CE4C1E0D-7E54-4BF6-9959-FB4BCC16B68E}.Debug|x86.Build.0 = Debug|x86
		{CE4C1E0D-7E54-4BF6-9959-FB4BCC16B68E}.Debug|Xbox 360.ActiveCfg = Debug|x86
		{CE4C1E0D-7E54-4BF6-9959-FB4BCC16B68E}.Debug|Xbox 360.Build.0 = Debug|x86
		{CE4C1E0D-7E54-4BF6-9959-FB4BCC16B68E}.Release|Mixed Platforms.ActiveCfg = Release|x86
		{CE4C1E0D-7E54-4BF6-9959-FB4BCC16B68E}.Release|Mixed Platforms.Build.0 = Release|x86
		{CE4C1E0D-7E54-4BF6-9959-FB4BCC16B68E}.Release|x86.ActiveCfg = Release|x86
		{CE4C1E0D-7E54-4BF6-9959-FB4BCC16B68E}.Release|x86.Build.0 = Release|x86
		{CE4C1E0D-7E54-4BF6-9959-FB4BCC16B68E}.Release|Xbox 360.ActiveCfg = Release|x86
		{CE4C1E0D-7E54-4BF6-9959-FB4BCC16B68E}.Release|Xbox 360.Build.0 = Release|x86
		{B7219195-3990-4557-87D7-856DB165635D}.Debug|Mixed Platforms.ActiveCfg = Debug|Any CPU
		{B7219195-3990-4557-87D7-856DB165635D}.Debug|x86.ActiveCfg = Debug|Any CPU
		{B7219195-3990-4557-87D7-856DB165635D}.Debug|Xbox 360.ActiveCfg = Debug|Any CPU
		{B7219195-3990-4557-87D7-856DB165635D}.Release|Mixed Platforms.ActiveCfg = Debug|Any CPU
		{B7219195-3990-4557-87D7-856DB165635D}.Release|x86.ActiveCfg = Debug|Any CPU
		{B7219195-3990-4557-87D7-856DB165635D}.Release|Xbox 360.ActiveCfg = Debug|Any CPU
		{E3E1F626-20BD-4A29-AA82-C342C45F7EC2}.Debug|Mixed Platforms.ActiveCfg = Debug|Xbox 360
		{E3E1F626-20BD-4A29-AA82-C342C45F7EC2}.Debug|Mixed Platforms.Build.0 = Debug|Xbox 360
		{E3E1F626-20BD-4A29-AA82-C342C45F7EC2}.Debug|Mixed Platforms.Deploy.0 = Debug|Xbox 360
		{E3E1F626-20BD-4A29-AA82-C342C45F7EC2}.Debug|x86.ActiveCfg = Debug|Xbox 360
		{E3E1F626-20BD-4A29-AA82-C342C45F7EC2}.Debug|x86.Build.0 = Debug|Xbox 360
		{E3E1F626-20BD-4A29-AA82-C342C45F7EC2}.Debug|Xbox 360.ActiveCfg = Debug|Xbox 360
		{E3E1F626-20BD-4A29-AA82-C342C45F7EC2}.Debug|Xbox 360.Build.0 = Debug|Xbox 360
		{E3E1F626-20BD-4A29-AA82-C342C45F7EC2}.Debug|Xbox 360.Deploy.0 = Debug|Xbox 360
		{E3E1F626-20BD-4A29-AA82-C342C45F7EC2}.Release|Mixed Platforms.ActiveCfg = Release|Xbox 360
		{E3E1F626-20BD-4A29-AA82-C342C45F7EC2}.Release|Mixed Platforms.Build.0 = Release|Xbox 360
		{E3E1F626-20BD-4A29-AA82-C342C45F7EC2}.Release|Mixed Platforms.Deploy.0 = Release|Xbox 360
		{E3E1F626-20BD-4A29-AA82-C342C45F7EC2}.Release|x86.ActiveCfg = Release|Xbox 360
		{E3E1F626-20BD-4A29-AA82-C342C45F7EC2}.Release|x86.Build.0 = Release|Xbox 360
		{E3E1F626-20BD-4A29-AA82-C342C45F7EC2}.Release|Xbox 360.ActiveCfg = Release|Xbox 360
		{E3E1F626-20BD-4A29-AA82-C342C45F7EC2}.Release|Xbox 360.Build.0 = Release|Xbox 360
		{E3E1F626-20BD-4A29-AA82-C342C45F7EC2}.Release|Xbox 360.Deploy.0 = Release|Xbox 360
		{2AEF1B32-62F0-45F3-888F-E455C1C99204}.Debug|Mixed Platforms.ActiveCfg = Debug|x86
		{2AEF1B32-62F0-45F3-888F-E455C1C99204}.Debug|Mixed Platforms.Build.0 = Debug|x86
		{2AEF1B32-62F0-45F3-888F-E455C1C99204}.Debug|x86.ActiveCfg = Debug|x86
		{2AEF1B32-62F0-45F3-888F-E455C1C99204}.Debug|x86.Build.0 = Debug|x86
		{2AEF1B32-62F0-45F3-888F-E455C1C99204}.Debug|Xbox 360.ActiveCfg = Debug|x86
		{2AEF1B32-62F0-45F3-888F-E455C1C99204}.Debug|Xbox 360.Build.0 = Debug|x86
		{2AEF1B32-62F0-45F3-888F-E455C1C99204}.Release|Mixed Platforms.ActiveCfg = Release|x86
		{2AEF1B32-62F0-45F3-888F-E455C1C99204}.Release|Mixed Platforms.Build.0 = Release|x86
		{2AEF1B32-62F0-45F3-888F-E455C1C99204}.Release|x86.ActiveCfg = Release|x86
		{2AEF1B32-62F0-45F3-888F-E455C1C99204}.Release|x86.Build.0 = Release|x86
		{2AEF1B32-62F0-45F3-888F-E455C1C99204}.Release|Xbox 360.ActiveCfg = Release|x86
		{2AEF1B32-62F0-45F3-888F-E455C1C99204}.Release|Xbox 360.Build.0 = Release|x86
		{6C966D0A-E0AE-4F6C-84A5-3323568AABB0}.Debug|Mixed Platforms.ActiveCfg = Debug|Xbox 360
		{6C966D0A-E0AE-4F6C-84A5-3323568AABB0}.Debug|Mixed Platforms.Build.0 = Debug|Xbox 360
		{6C966D0A-E0AE-4F6C-84A5-3323568AABB0}.Debug|Mixed Platforms.Deploy.0 = Debug|Xbox 360
		{6C966D0A-E0AE-4F6C-84A5-3323568AABB0}.Debug|x86.ActiveCfg = Debug|Xbox 360
		{6C966D0A-E0AE-4F6C-84A5-3323568AABB0}.Debug|Xbox 360.ActiveCfg = Debug|Xbox 360
		{6C966D0A-E0AE-4F6C-84A5-3323568AABB0}.Debug|Xbox 360.Build.0 = Debug|Xbox 360
		{6C966D0A-E0AE-4F6C-84A5-3323568AABB0}.Debug|Xbox 360.Deploy.0 = Debug|Xbox 360
		{6C966D0A-E0AE-4F6C-84A5-3323568AABB0}.Release|Mixed Platforms.ActiveCfg = Release|Xbox 360
		{6C966D0A-E0AE-4F6C-84A5-3323568AABB0}.Release|Mixed Platforms.Build.0 = Release|Xbox 360
		{6C966D0A-E0AE-4F6C-84A5-3323568AABB0}.Release|Mixed Platforms.Deploy.0 = Release|Xbox 360
		{6C966D0A-E0AE-4F6C-84A5-3323568AABB0}.Release|x86.ActiveCfg = Release|Xbox 360
		{6C966D0A-E0AE-4F6C-84A5-3323568AABB0}.Release|x86.Build.0 = Release|Xbox 360
		{6C966D0A-E0AE-4F6C-84A5-3323568AABB0}.Release|Xbox 360.ActiveCfg = Release|Xbox 360
		{6C966D0A-E0AE-4F6C-84A5-3323568AABB0}.Release|Xbox 360.Build.0 = Release|Xbox 360
		{6C966D0A-E0AE-4F6C-84A5-3323568AABB0}.Release|Xbox 360.Deploy.0 = Release|Xbox 360
	EndGlobalSection
	GlobalSection(SolutionProperties) = preSolution
		HideSolutionNode = FALSE
	EndGlobalSection
EndGlobal
